
Microsoft Visual Studio Solution File, Format Version 12.00
# Visual Studio 15
VisualStudioVersion = 15.0.27428.2037
MinimumVisualStudioVersion = 10.0.40219.1
Project("{FAE04EC0-301F-11D3-BF4B-00C04F79EFBC}") = "SCF.Website", "SCF.Website\SCF.Website.csproj", "{825BA1A9-BADB-462D-B291-8AB6455D639C}"
EndProject
Global
	GlobalSection(SolutionConfigurationPlatforms) = preSolution
		Debug|Any CPU = Debug|Any CPU
		Release|Any CPU = Release|Any CPU
	EndGlobalSection
	GlobalSection(ProjectConfigurationPlatforms) = postSolution
		{825BA1A9-BADB-462D-B291-8AB6455D639C}.Debug|Any CPU.ActiveCfg = Debug|Any CPU
		{825BA1A9-BADB-462D-B291-8AB6455D639C}.Debug|Any CPU.Build.0 = Debug|Any CPU
		{825BA1A9-BADB-462D-B291-8AB6455D639C}.Release|Any CPU.ActiveCfg = Release|Any CPU
		{825BA1A9-BADB-462D-B291-8AB6455D639C}.Release|Any CPU.Build.0 = Release|Any CPU
	EndGlobalSection
	GlobalSection(SolutionProperties) = preSolution
		HideSolutionNode = FALSE
	EndGlobalSection
	GlobalSection(ExtensibilityGlobals) = postSolution
		SolutionGuid = {8F75C8E6-C78F-4D8F-8780-AA9B03166C50}
	EndGlobalSection
EndGlobal
